
Microsoft Visual Studio Solution File, Format Version 12.00
# Visual Studio Version 17
VisualStudioVersion = 17.4.33103.184
MinimumVisualStudioVersion = 10.0.40219.1
Project("{FAE04EC0-301F-11D3-BF4B-00C04F79EFBC}") = "FraudulentBank.Customer", "FraudulentBank.Customer.csproj", "{8782E403-C39F-494C-AA50-B9DADD3031AA}"
EndProject
Project("{FAE04EC0-301F-11D3-BF4B-00C04F79EFBC}") = "FraudulentBank.Presentation", "..\FraudulentBank.Presentation\FraudulentBank.Presentation.csproj", "{FDFC14D8-7936-4C94-8656-E28C28C9829D}"
EndProject
Global
	GlobalSection(SolutionConfigurationPlatforms) = preSolution
		Debug|Any CPU = Debug|Any CPU
		Release|Any CPU = Release|Any CPU
	EndGlobalSection
	GlobalSection(ProjectConfigurationPlatforms) = postSolution
		{8782E403-C39F-494C-AA50-B9DADD3031AA}.Debug|Any CPU.ActiveCfg = Debug|Any CPU
		{8782E403-C39F-494C-AA50-B9DADD3031AA}.Debug|Any CPU.Build.0 = Debug|Any CPU
		{8782E403-C39F-494C-AA50-B9DADD3031AA}.Release|Any CPU.ActiveCfg = Release|Any CPU
		{8782E403-C39F-494C-AA50-B9DADD3031AA}.Release|Any CPU.Build.0 = Release|Any CPU
		{FDFC14D8-7936-4C94-8656-E28C28C9829D}.Debug|Any CPU.ActiveCfg = Debug|Any CPU
		{FDFC14D8-7936-4C94-8656-E28C28C9829D}.Debug|Any CPU.Build.0 = Debug|Any CPU
		{FDFC14D8-7936-4C94-8656-E28C28C9829D}.Release|Any CPU.ActiveCfg = Release|Any CPU
		{FDFC14D8-7936-4C94-8656-E28C28C9829D}.Release|Any CPU.Build.0 = Release|Any CPU
	EndGlobalSection
	GlobalSection(SolutionProperties) = preSolution
		HideSolutionNode = FALSE
	EndGlobalSection
	GlobalSection(ExtensibilityGlobals) = postSolution
		SolutionGuid = {066CA7B8-6D4F-4D99-8221-43DF3E0532CF}
	EndGlobalSection
EndGlobal
